
Microsoft Visual Studio Solution File, Format Version 12.00
# Visual Studio Version 17
VisualStudioVersion = 17.0.31903.59
MinimumVisualStudioVersion = 10.0.40219.1
Project("{FAE04EC0-301F-11D3-BF4B-00C04F79EFBC}") = "Domain", "Domain\Domain.csproj", "{CDBDDED9-7436-4280-9F05-A4D222D69F34}"
EndProject
Project("{FAE04EC0-301F-11D3-BF4B-00C04F79EFBC}") = "Infrastructure", "Infrastructure\Infrastructure.csproj", "{EB458557-95CF-47B5-A3E6-E68AAEFBF20E}"
EndProject
Project("{FAE04EC0-301F-11D3-BF4B-00C04F79EFBC}") = "WebApi", "WebApi\WebApi.csproj", "{B257274E-7849-49F8-B651-F3DA5991DA16}"
EndProject
Global
	GlobalSection(SolutionConfigurationPlatforms) = preSolution
		Debug|Any CPU = Debug|Any CPU
		Release|Any CPU = Release|Any CPU
	EndGlobalSection
	GlobalSection(SolutionProperties) = preSolution
		HideSolutionNode = FALSE
	EndGlobalSection
	GlobalSection(ProjectConfigurationPlatforms) = postSolution
		{CDBDDED9-7436-4280-9F05-A4D222D69F34}.Debug|Any CPU.ActiveCfg = Debug|Any CPU
		{CDBDDED9-7436-4280-9F05-A4D222D69F34}.Debug|Any CPU.Build.0 = Debug|Any CPU
		{CDBDDED9-7436-4280-9F05-A4D222D69F34}.Release|Any CPU.ActiveCfg = Release|Any CPU
		{CDBDDED9-7436-4280-9F05-A4D222D69F34}.Release|Any CPU.Build.0 = Release|Any CPU
		{EB458557-95CF-47B5-A3E6-E68AAEFBF20E}.Debug|Any CPU.ActiveCfg = Debug|Any CPU
		{EB458557-95CF-47B5-A3E6-E68AAEFBF20E}.Debug|Any CPU.Build.0 = Debug|Any CPU
		{EB458557-95CF-47B5-A3E6-E68AAEFBF20E}.Release|Any CPU.ActiveCfg = Release|Any CPU
		{EB458557-95CF-47B5-A3E6-E68AAEFBF20E}.Release|Any CPU.Build.0 = Release|Any CPU
		{B257274E-7849-49F8-B651-F3DA5991DA16}.Debug|Any CPU.ActiveCfg = Debug|Any CPU
		{B257274E-7849-49F8-B651-F3DA5991DA16}.Debug|Any CPU.Build.0 = Debug|Any CPU
		{B257274E-7849-49F8-B651-F3DA5991DA16}.Release|Any CPU.ActiveCfg = Release|Any CPU
		{B257274E-7849-49F8-B651-F3DA5991DA16}.Release|Any CPU.Build.0 = Release|Any CPU
	EndGlobalSection
EndGlobal
